
Microsoft Visual Studio Solution File, Format Version 12.00
# Visual Studio Version 17
VisualStudioVersion = 17.5.33530.505
MinimumVisualStudioVersion = 10.0.40219.1
Project("{FAE04EC0-301F-11D3-BF4B-00C04F79EFBC}") = "CommandPattern", "CommandPattern\CommandPattern.csproj", "{3F204585-3494-4149-8A1F-E039C910BF59}"
EndProject
Global
	GlobalSection(SolutionConfigurationPlatforms) = preSolution
		Debug|Any CPU = Debug|Any CPU
		Release|Any CPU = Release|Any CPU
	EndGlobalSection
	GlobalSection(ProjectConfigurationPlatforms) = postSolution
		{3F204585-3494-4149-8A1F-E039C910BF59}.Debug|Any CPU.ActiveCfg = Debug|Any CPU
		{3F204585-3494-4149-8A1F-E039C910BF59}.Debug|Any CPU.Build.0 = Debug|Any CPU
		{3F204585-3494-4149-8A1F-E039C910BF59}.Release|Any CPU.ActiveCfg = Release|Any CPU
		{3F204585-3494-4149-8A1F-E039C910BF59}.Release|Any CPU.Build.0 = Release|Any CPU
	EndGlobalSection
	GlobalSection(SolutionProperties) = preSolution
		HideSolutionNode = FALSE
	EndGlobalSection
	GlobalSection(ExtensibilityGlobals) = postSolution
		SolutionGuid = {CE941971-538D-48D9-9FF1-D2ED4B295FDA}
	EndGlobalSection
EndGlobal
